
Microsoft Visual Studio Solution File, Format Version 12.00
# Visual Studio Version 16
VisualStudioVersion = 16.0.29123.88
MinimumVisualStudioVersion = 10.0.40219.1
Project("{FAE04EC0-301F-11D3-BF4B-00C04F79EFBC}") = "WeatherAppM.Android", "WeatherAppM\WeatherAppM.Android\WeatherAppM.Android.csproj", "{46E2C78A-ABA2-4BA6-9CC7-8172F947FBFD}"
EndProject
Project("{9A19103F-16F7-4668-BE54-9A1E7A4F7556}") = "WeatherAppM", "WeatherAppM\WeatherAppM\WeatherAppM.csproj", "{5EC3C506-47C1-4A69-ACD0-CF23640F4FAF}"
EndProject
Project("{FAE04EC0-301F-11D3-BF4B-00C04F79EFBC}") = "NOAAWeatherServiceContract", "NOAAWeatherServiceContract\NOAAWeatherServiceContract.csproj", "{6F89F02E-690A-45AC-BEBF-C88807914234}"
EndProject
Project("{FAE04EC0-301F-11D3-BF4B-00C04F79EFBC}") = "NOAAWeatherService", "NOAAWeatherService\NOAAWeatherService.csproj", "{1C59EC28-14B4-4B83-BF10-FA1E17DE3388}"
EndProject
Global
	GlobalSection(SolutionConfigurationPlatforms) = preSolution
		Debug|Any CPU = Debug|Any CPU
		Release|Any CPU = Release|Any CPU
	EndGlobalSection
	GlobalSection(ProjectConfigurationPlatforms) = postSolution
		{46E2C78A-ABA2-4BA6-9CC7-8172F947FBFD}.Debug|Any CPU.ActiveCfg = Debug|Any CPU
		{46E2C78A-ABA2-4BA6-9CC7-8172F947FBFD}.Debug|Any CPU.Build.0 = Debug|Any CPU
		{46E2C78A-ABA2-4BA6-9CC7-8172F947FBFD}.Debug|Any CPU.Deploy.0 = Debug|Any CPU
		{46E2C78A-ABA2-4BA6-9CC7-8172F947FBFD}.Release|Any CPU.ActiveCfg = Release|Any CPU
		{46E2C78A-ABA2-4BA6-9CC7-8172F947FBFD}.Release|Any CPU.Build.0 = Release|Any CPU
		{46E2C78A-ABA2-4BA6-9CC7-8172F947FBFD}.Release|Any CPU.Deploy.0 = Release|Any CPU
		{5EC3C506-47C1-4A69-ACD0-CF23640F4FAF}.Debug|Any CPU.ActiveCfg = Debug|Any CPU
		{5EC3C506-47C1-4A69-ACD0-CF23640F4FAF}.Debug|Any CPU.Build.0 = Debug|Any CPU
		{5EC3C506-47C1-4A69-ACD0-CF23640F4FAF}.Debug|Any CPU.Deploy.0 = Debug|Any CPU
		{5EC3C506-47C1-4A69-ACD0-CF23640F4FAF}.Release|Any CPU.ActiveCfg = Release|Any CPU
		{5EC3C506-47C1-4A69-ACD0-CF23640F4FAF}.Release|Any CPU.Build.0 = Release|Any CPU
		{5EC3C506-47C1-4A69-ACD0-CF23640F4FAF}.Release|Any CPU.Deploy.0 = Release|Any CPU
		{6F89F02E-690A-45AC-BEBF-C88807914234}.Debug|Any CPU.ActiveCfg = Debug|Any CPU
		{6F89F02E-690A-45AC-BEBF-C88807914234}.Debug|Any CPU.Build.0 = Debug|Any CPU
		{6F89F02E-690A-45AC-BEBF-C88807914234}.Release|Any CPU.ActiveCfg = Release|Any CPU
		{6F89F02E-690A-45AC-BEBF-C88807914234}.Release|Any CPU.Build.0 = Release|Any CPU
		{1C59EC28-14B4-4B83-BF10-FA1E17DE3388}.Debug|Any CPU.ActiveCfg = Debug|Any CPU
		{1C59EC28-14B4-4B83-BF10-FA1E17DE3388}.Debug|Any CPU.Build.0 = Debug|Any CPU
		{1C59EC28-14B4-4B83-BF10-FA1E17DE3388}.Release|Any CPU.ActiveCfg = Release|Any CPU
		{1C59EC28-14B4-4B83-BF10-FA1E17DE3388}.Release|Any CPU.Build.0 = Release|Any CPU
	EndGlobalSection
	GlobalSection(SolutionProperties) = preSolution
		HideSolutionNode = FALSE
	EndGlobalSection
	GlobalSection(ExtensibilityGlobals) = postSolution
		SolutionGuid = {D996CF96-9B2C-4C52-82B3-90E066BFD38F}
	EndGlobalSection
EndGlobal
